
Microsoft Visual Studio Solution File, Format Version 12.00
# Visual Studio Version 16
VisualStudioVersion = 16.0.30611.23
MinimumVisualStudioVersion = 10.0.40219.1
Project("{FAE04EC0-301F-11D3-BF4B-00C04F79EFBC}") = "Shop.forms.iOS", "Shop.forms\Shop.forms.iOS\Shop.forms.iOS.csproj", "{0E72E241-A03A-4FCA-8E38-E296499A6AA5}"
EndProject
Project("{9A19103F-16F7-4668-BE54-9A1E7A4F7556}") = "Shop.forms", "Shop.forms\Shop.forms\Shop.forms.csproj", "{186457CF-392A-4FE8-B536-0585488AE684}"
EndProject
Project("{FAE04EC0-301F-11D3-BF4B-00C04F79EFBC}") = "Shop.forms.Android", "Shop.forms\Shop.forms.Android\Shop.forms.Android.csproj", "{181517D2-B104-4CD3-89D8-2656BC29FF1C}"
EndProject
Project("{2150E333-8FDC-42A3-9474-1A3956D46DE8}") = "BackEnd", "BackEnd", "{E53BA2B4-9E58-4327-8F15-A804B635CA92}"
EndProject
Project("{FAE04EC0-301F-11D3-BF4B-00C04F79EFBC}") = "Shop.Backend", "Shop.Backend\Shop.Backend.csproj", "{6A993ADB-B16B-48BE-8024-259868307095}"
EndProject
Global
	GlobalSection(SolutionConfigurationPlatforms) = preSolution
		Debug|Any CPU = Debug|Any CPU
		Debug|iPhone = Debug|iPhone
		Debug|iPhoneSimulator = Debug|iPhoneSimulator
		Release|Any CPU = Release|Any CPU
		Release|iPhone = Release|iPhone
		Release|iPhoneSimulator = Release|iPhoneSimulator
	EndGlobalSection
	GlobalSection(ProjectConfigurationPlatforms) = postSolution
		{0E72E241-A03A-4FCA-8E38-E296499A6AA5}.Debug|Any CPU.ActiveCfg = Debug|iPhone
		{0E72E241-A03A-4FCA-8E38-E296499A6AA5}.Debug|Any CPU.Build.0 = Debug|iPhone
		{0E72E241-A03A-4FCA-8E38-E296499A6AA5}.Debug|Any CPU.Deploy.0 = Debug|iPhone
		{0E72E241-A03A-4FCA-8E38-E296499A6AA5}.Debug|iPhone.ActiveCfg = Debug|iPhone
		{0E72E241-A03A-4FCA-8E38-E296499A6AA5}.Debug|iPhone.Build.0 = Debug|iPhone
		{0E72E241-A03A-4FCA-8E38-E296499A6AA5}.Debug|iPhone.Deploy.0 = Debug|iPhone
		{0E72E241-A03A-4FCA-8E38-E296499A6AA5}.Debug|iPhoneSimulator.ActiveCfg = Debug|iPhoneSimulator
		{0E72E241-A03A-4FCA-8E38-E296499A6AA5}.Debug|iPhoneSimulator.Build.0 = Debug|iPhoneSimulator
		{0E72E241-A03A-4FCA-8E38-E296499A6AA5}.Debug|iPhoneSimulator.Deploy.0 = Debug|iPhoneSimulator
		{0E72E241-A03A-4FCA-8E38-E296499A6AA5}.Release|Any CPU.ActiveCfg = Release|iPhoneSimulator
		{0E72E241-A03A-4FCA-8E38-E296499A6AA5}.Release|Any CPU.Build.0 = Release|iPhoneSimulator
		{0E72E241-A03A-4FCA-8E38-E296499A6AA5}.Release|Any CPU.Deploy.0 = Release|iPhoneSimulator
		{0E72E241-A03A-4FCA-8E38-E296499A6AA5}.Release|iPhone.ActiveCfg = Release|iPhone
		{0E72E241-A03A-4FCA-8E38-E296499A6AA5}.Release|iPhone.Build.0 = Release|iPhone
		{0E72E241-A03A-4FCA-8E38-E296499A6AA5}.Release|iPhone.Deploy.0 = Release|iPhone
		{0E72E241-A03A-4FCA-8E38-E296499A6AA5}.Release|iPhoneSimulator.ActiveCfg = Release|iPhoneSimulator
		{0E72E241-A03A-4FCA-8E38-E296499A6AA5}.Release|iPhoneSimulator.Build.0 = Release|iPhoneSimulator
		{0E72E241-A03A-4FCA-8E38-E296499A6AA5}.Release|iPhoneSimulator.Deploy.0 = Release|iPhoneSimulator
		{186457CF-392A-4FE8-B536-0585488AE684}.Debug|Any CPU.ActiveCfg = Debug|Any CPU
		{186457CF-392A-4FE8-B536-0585488AE684}.Debug|Any CPU.Build.0 = Debug|Any CPU
		{186457CF-392A-4FE8-B536-0585488AE684}.Debug|Any CPU.Deploy.0 = Debug|Any CPU
		{186457CF-392A-4FE8-B536-0585488AE684}.Debug|iPhone.ActiveCfg = Debug|Any CPU
		{186457CF-392A-4FE8-B536-0585488AE684}.Debug|iPhone.Build.0 = Debug|Any CPU
		{186457CF-392A-4FE8-B536-0585488AE684}.Debug|iPhone.Deploy.0 = Debug|Any CPU
		{186457CF-392A-4FE8-B536-0585488AE684}.Debug|iPhoneSimulator.ActiveCfg = Debug|Any CPU
		{186457CF-392A-4FE8-B536-0585488AE684}.Debug|iPhoneSimulator.Build.0 = Debug|Any CPU
		{186457CF-392A-4FE8-B536-0585488AE684}.Debug|iPhoneSimulator.Deploy.0 = Debug|Any CPU
		{186457CF-392A-4FE8-B536-0585488AE684}.Release|Any CPU.ActiveCfg = Release|Any CPU
		{186457CF-392A-4FE8-B536-0585488AE684}.Release|Any CPU.Build.0 = Release|Any CPU
		{186457CF-392A-4FE8-B536-0585488AE684}.Release|Any CPU.Deploy.0 = Release|Any CPU
		{186457CF-392A-4FE8-B536-0585488AE684}.Release|iPhone.ActiveCfg = Release|Any CPU
		{186457CF-392A-4FE8-B536-0585488AE684}.Release|iPhone.Build.0 = Release|Any CPU
		{186457CF-392A-4FE8-B536-0585488AE684}.Release|iPhone.Deploy.0 = Release|Any CPU
		{186457CF-392A-4FE8-B536-0585488AE684}.Release|iPhoneSimulator.ActiveCfg = Release|Any CPU
		{186457CF-392A-4FE8-B536-0585488AE684}.Release|iPhoneSimulator.Build.0 = Release|Any CPU
		{186457CF-392A-4FE8-B536-0585488AE684}.Release|iPhoneSimulator.Deploy.0 = Release|Any CPU
		{181517D2-B104-4CD3-89D8-2656BC29FF1C}.Debug|Any CPU.ActiveCfg = Debug|Any CPU
		{181517D2-B104-4CD3-89D8-2656BC29FF1C}.Debug|Any CPU.Build.0 = Debug|Any CPU
		{181517D2-B104-4CD3-89D8-2656BC29FF1C}.Debug|Any CPU.Deploy.0 = Debug|Any CPU
		{181517D2-B104-4CD3-89D8-2656BC29FF1C}.Debug|iPhone.ActiveCfg = Debug|Any CPU
		{181517D2-B104-4CD3-89D8-2656BC29FF1C}.Debug|iPhone.Build.0 = Debug|Any CPU
		{181517D2-B104-4CD3-89D8-2656BC29FF1C}.Debug|iPhone.Deploy.0 = Debug|Any CPU
		{181517D2-B104-4CD3-89D8-2656BC29FF1C}.Debug|iPhoneSimulator.ActiveCfg = Debug|Any CPU
		{181517D2-B104-4CD3-89D8-2656BC29FF1C}.Debug|iPhoneSimulator.Build.0 = Debug|Any CPU
		{181517D2-B104-4CD3-89D8-2656BC29FF1C}.Debug|iPhoneSimulator.Deploy.0 = Debug|Any CPU
		{181517D2-B104-4CD3-89D8-2656BC29FF1C}.Release|Any CPU.ActiveCfg = Release|Any CPU
		{181517D2-B104-4CD3-89D8-2656BC29FF1C}.Release|Any CPU.Build.0 = Release|Any CPU
		{181517D2-B104-4CD3-89D8-2656BC29FF1C}.Release|Any CPU.Deploy.0 = Release|Any CPU
		{181517D2-B104-4CD3-89D8-2656BC29FF1C}.Release|iPhone.ActiveCfg = Release|Any CPU
		{181517D2-B104-4CD3-89D8-2656BC29FF1C}.Release|iPhone.Build.0 = Release|Any CPU
		{181517D2-B104-4CD3-89D8-2656BC29FF1C}.Release|iPhone.Deploy.0 = Release|Any CPU
		{181517D2-B104-4CD3-89D8-2656BC29FF1C}.Release|iPhoneSimulator.ActiveCfg = Release|Any CPU
		{181517D2-B104-4CD3-89D8-2656BC29FF1C}.Release|iPhoneSimulator.Build.0 = Release|Any CPU
		{181517D2-B104-4CD3-89D8-2656BC29FF1C}.Release|iPhoneSimulator.Deploy.0 = Release|Any CPU
		{6A993ADB-B16B-48BE-8024-259868307095}.Debug|Any CPU.ActiveCfg = Debug|Any CPU
		{6A993ADB-B16B-48BE-8024-259868307095}.Debug|Any CPU.Build.0 = Debug|Any CPU
		{6A993ADB-B16B-48BE-8024-259868307095}.Debug|iPhone.ActiveCfg = Debug|Any CPU
		{6A993ADB-B16B-48BE-8024-259868307095}.Debug|iPhone.Build.0 = Debug|Any CPU
		{6A993ADB-B16B-48BE-8024-259868307095}.Debug|iPhoneSimulator.ActiveCfg = Debug|Any CPU
		{6A993ADB-B16B-48BE-8024-259868307095}.Debug|iPhoneSimulator.Build.0 = Debug|Any CPU
		{6A993ADB-B16B-48BE-8024-259868307095}.Release|Any CPU.ActiveCfg = Release|Any CPU
		{6A993ADB-B16B-48BE-8024-259868307095}.Release|Any CPU.Build.0 = Release|Any CPU
		{6A993ADB-B16B-48BE-8024-259868307095}.Release|iPhone.ActiveCfg = Release|Any CPU
		{6A993ADB-B16B-48BE-8024-259868307095}.Release|iPhone.Build.0 = Release|Any CPU
		{6A993ADB-B16B-48BE-8024-259868307095}.Release|iPhoneSimulator.ActiveCfg = Release|Any CPU
		{6A993ADB-B16B-48BE-8024-259868307095}.Release|iPhoneSimulator.Build.0 = Release|Any CPU
	EndGlobalSection
	GlobalSection(SolutionProperties) = preSolution
		HideSolutionNode = FALSE
	EndGlobalSection
	GlobalSection(NestedProjects) = preSolution
		{6A993ADB-B16B-48BE-8024-259868307095} = {E53BA2B4-9E58-4327-8F15-A804B635CA92}
	EndGlobalSection
	GlobalSection(ExtensibilityGlobals) = postSolution
		SolutionGuid = {1897A51E-5F93-4AA6-B6EB-27DA0BC07478}
	EndGlobalSection
EndGlobal
